
Microsoft Visual Studio Solution File, Format Version 12.00
# Visual Studio Version 17
VisualStudioVersion = 17.6.33815.320
MinimumVisualStudioVersion = 10.0.40219.1
Project("{9A19103F-16F7-4668-BE54-9A1E7A4F7556}") = "WebDBServer", "WebDBServer\WebDBServer.csproj", "{59FAD112-B4BD-44CB-B38F-825333B47D48}"
EndProject
Project("{FAE04EC0-301F-11D3-BF4B-00C04F79EFBC}") = "ClientDesktop", "ClientDesktop\ClientDesktop.csproj", "{CA0E6629-16D7-445E-8FA4-A0222C55EE99}"
EndProject
Project("{FAE04EC0-301F-11D3-BF4B-00C04F79EFBC}") = "ClientServerInterface", "ClientServerInterface\ClientServerInterface.csproj", "{73AF8C3F-4614-45EC-93BC-43ED27F23207}"
EndProject
Project("{FAE04EC0-301F-11D3-BF4B-00C04F79EFBC}") = "APIModels", "APIModels\APIModels.csproj", "{91ACF765-EAA9-4783-A803-C1B14C51F6E4}"
EndProject
Global
	GlobalSection(SolutionConfigurationPlatforms) = preSolution
		Debug|Any CPU = Debug|Any CPU
		Release|Any CPU = Release|Any CPU
	EndGlobalSection
	GlobalSection(ProjectConfigurationPlatforms) = postSolution
		{59FAD112-B4BD-44CB-B38F-825333B47D48}.Debug|Any CPU.ActiveCfg = Debug|Any CPU
		{59FAD112-B4BD-44CB-B38F-825333B47D48}.Debug|Any CPU.Build.0 = Debug|Any CPU
		{59FAD112-B4BD-44CB-B38F-825333B47D48}.Release|Any CPU.ActiveCfg = Release|Any CPU
		{59FAD112-B4BD-44CB-B38F-825333B47D48}.Release|Any CPU.Build.0 = Release|Any CPU
		{CA0E6629-16D7-445E-8FA4-A0222C55EE99}.Debug|Any CPU.ActiveCfg = Debug|Any CPU
		{CA0E6629-16D7-445E-8FA4-A0222C55EE99}.Debug|Any CPU.Build.0 = Debug|Any CPU
		{CA0E6629-16D7-445E-8FA4-A0222C55EE99}.Release|Any CPU.ActiveCfg = Release|Any CPU
		{CA0E6629-16D7-445E-8FA4-A0222C55EE99}.Release|Any CPU.Build.0 = Release|Any CPU
		{73AF8C3F-4614-45EC-93BC-43ED27F23207}.Debug|Any CPU.ActiveCfg = Debug|Any CPU
		{73AF8C3F-4614-45EC-93BC-43ED27F23207}.Debug|Any CPU.Build.0 = Debug|Any CPU
		{73AF8C3F-4614-45EC-93BC-43ED27F23207}.Release|Any CPU.ActiveCfg = Release|Any CPU
		{73AF8C3F-4614-45EC-93BC-43ED27F23207}.Release|Any CPU.Build.0 = Release|Any CPU
		{91ACF765-EAA9-4783-A803-C1B14C51F6E4}.Debug|Any CPU.ActiveCfg = Debug|Any CPU
		{91ACF765-EAA9-4783-A803-C1B14C51F6E4}.Debug|Any CPU.Build.0 = Debug|Any CPU
		{91ACF765-EAA9-4783-A803-C1B14C51F6E4}.Release|Any CPU.ActiveCfg = Release|Any CPU
		{91ACF765-EAA9-4783-A803-C1B14C51F6E4}.Release|Any CPU.Build.0 = Release|Any CPU
	EndGlobalSection
	GlobalSection(SolutionProperties) = preSolution
		HideSolutionNode = FALSE
	EndGlobalSection
	GlobalSection(ExtensibilityGlobals) = postSolution
		SolutionGuid = {137DD0B6-EBEC-474B-B0BD-96E0AB5E8A4D}
	EndGlobalSection
EndGlobal
